{
  "name": "app",
  "version": "0.0.1",
  "lockfileVersion": 1,
  "requires": true,
  "dependencies": {
    "ngeohash": {
      "version": "0.6.0",
      "resolved": "https://registry.npmjs.org/ngeohash/-/ngeohash-0.6.0.tgz",
      "integrity": "sha1-MpcT6ec9HxpG2SqrC5StuUUz9oc="
    },
    "underscore": {
      "version": "1.8.3",
      "resolved": "https://registry.npmjs.org/underscore/-/underscore-1.8.3.tgz",
      "integrity": "sha1-Tz+1OxBuYJf8+ctBCfKl6b36UCI="
    }
  }
}
